// !$*UTF8*$!
{
	archiveVersion = 1;
	classes = {
	};
	objectVersion = 55;
	objects = {

/* Begin PBXBuildFile section */
		42875E21284923F100B63305 /* AppDelegate.swift in Sources */ = {isa = PBXBuildFile; fileRef = 42875E20284923F100B63305 /* AppDelegate.swift */; };
		42875E23284923F100B63305 /* SceneDelegate.swift in Sources */ = {isa = PBXBuildFile; fileRef = 42875E22284923F100B63305 /* SceneDelegate.swift */; };
		42875E28284923F100B63305 /* Main.storyboard in Resources */ = {isa = PBXBuildFile; fileRef = 42875E26284923F100B63305 /* Main.storyboard */; };
		42875E2A284923F300B63305 /* Assets.xcassets in Resources */ = {isa = PBXBuildFile; fileRef = 42875E29284923F300B63305 /* Assets.xcassets */; };
		42875E2D284923F300B63305 /* LaunchScreen.storyboard in Resources */ = {isa = PBXBuildFile; fileRef = 42875E2B284923F300B63305 /* LaunchScreen.storyboard */; };
		42875E362849243300B63305 /* HomeViewController.swift in Sources */ = {isa = PBXBuildFile; fileRef = 42875E352849243300B63305 /* HomeViewController.swift */; };
		42875E382849244900B63305 /* EventoTableViewCell.swift in Sources */ = {isa = PBXBuildFile; fileRef = 42875E372849244900B63305 /* EventoTableViewCell.swift */; };
		42875E3A2849245700B63305 /* InfoViewController.swift in Sources */ = {isa = PBXBuildFile; fileRef = 42875E392849245700B63305 /* InfoViewController.swift */; };
		42875E3C2849246B00B63305 /* FavoritosViewController.swift in Sources */ = {isa = PBXBuildFile; fileRef = 42875E3B2849246B00B63305 /* FavoritosViewController.swift */; };
		42875E3E2849247600B63305 /* LoginViewController.swift in Sources */ = {isa = PBXBuildFile; fileRef = 42875E3D2849247600B63305 /* LoginViewController.swift */; };
		42875E402849248400B63305 /* CadastroViewController.swift in Sources */ = {isa = PBXBuildFile; fileRef = 42875E3F2849248400B63305 /* CadastroViewController.swift */; };
		42875E42284924B600B63305 /* FavoritosTableViewCell.swift in Sources */ = {isa = PBXBuildFile; fileRef = 42875E41284924B600B63305 /* FavoritosTableViewCell.swift */; };
		42875E452849254500B63305 /* EventoViewModel.swift in Sources */ = {isa = PBXBuildFile; fileRef = 42875E442849254500B63305 /* EventoViewModel.swift */; };
		42875E482849256100B63305 /* Service.swift in Sources */ = {isa = PBXBuildFile; fileRef = 42875E472849256100B63305 /* Service.swift */; };
		42875E4B2849257400B63305 /* Evento.swift in Sources */ = {isa = PBXBuildFile; fileRef = 42875E4A2849257400B63305 /* Evento.swift */; };
		42875E4D2849284D00B63305 /* GoogleService-Info.plist in Resources */ = {isa = PBXBuildFile; fileRef = 42875E4C2849284D00B63305 /* GoogleService-Info.plist */; };
		428DB658284E78F30050A190 /* CadastroViewModel.swift in Sources */ = {isa = PBXBuildFile; fileRef = 428DB657284E78F30050A190 /* CadastroViewModel.swift */; };
		428DB65A284E79E70050A190 /* PerfilViewModel.swift in Sources */ = {isa = PBXBuildFile; fileRef = 428DB659284E79E70050A190 /* PerfilViewModel.swift */; };
		428DB65C284E85D10050A190 /* ComprasViewModel.swift in Sources */ = {isa = PBXBuildFile; fileRef = 428DB65B284E85D10050A190 /* ComprasViewModel.swift */; };
		428F4CD0284E40B4009CEDE2 /* InfoViewModel.swift in Sources */ = {isa = PBXBuildFile; fileRef = 428F4CCF284E40B4009CEDE2 /* InfoViewModel.swift */; };
		428F4CD2284E4D2A009CEDE2 /* EfetuarCompraViewModel.swift in Sources */ = {isa = PBXBuildFile; fileRef = 428F4CD1284E4D2A009CEDE2 /* EfetuarCompraViewModel.swift */; };
		42C4A198284A94DF00A031B9 /* ComprasViewController.swift in Sources */ = {isa = PBXBuildFile; fileRef = 42C4A197284A94DF00A031B9 /* ComprasViewController.swift */; };
		42C4A19A284A95D600A031B9 /* ComprasTableViewCell.swift in Sources */ = {isa = PBXBuildFile; fileRef = 42C4A199284A95D500A031B9 /* ComprasTableViewCell.swift */; };
		42C4A19C284A98F300A031B9 /* EfetuarCompraViewController.swift in Sources */ = {isa = PBXBuildFile; fileRef = 42C4A19B284A98F300A031B9 /* EfetuarCompraViewController.swift */; };
		42F02734284955950080BCA7 /* PerfilViewController.swift in Sources */ = {isa = PBXBuildFile; fileRef = 42F02733284955940080BCA7 /* PerfilViewController.swift */; };
		42F3B2C2284E637800EF520A /* FavoritosViewModel.swift in Sources */ = {isa = PBXBuildFile; fileRef = 42F3B2C1284E637800EF520A /* FavoritosViewModel.swift */; };
		42F3B2C4284E6F6F00EF520A /* LoginViewModel.swift in Sources */ = {isa = PBXBuildFile; fileRef = 42F3B2C3284E6F6E00EF520A /* LoginViewModel.swift */; };
		DB833C4409FDF1F6C0922663 /* Pods_mbIngressos.framework in Frameworks */ = {isa = PBXBuildFile; fileRef = B99D240E90781CCD4A40E23E /* Pods_mbIngressos.framework */; };
/* End PBXBuildFile section */

/* Begin PBXFileReference section */
		42875E1D284923F100B63305 /* mbIngressos.app */ = {isa = PBXFileReference; explicitFileType = wrapper.application; includeInIndex = 0; path = mbIngressos.app; sourceTree = BUILT_PRODUCTS_DIR; };
		42875E20284923F100B63305 /* AppDelegate.swift */ = {isa = PBXFileReference; lastKnownFileType = sourcecode.swift; path = AppDelegate.swift; sourceTree = "<group>"; };
		42875E22284923F100B63305 /* SceneDelegate.swift */ = {isa = PBXFileReference; lastKnownFileType = sourcecode.swift; path = SceneDelegate.swift; sourceTree = "<group>"; };
		42875E27284923F100B63305 /* Base */ = {isa = PBXFileReference; lastKnownFileType = file.storyboard; name = Base; path = Base.lproj/Main.storyboard; sourceTree = "<group>"; };
		42875E29284923F300B63305 /* Assets.xcassets */ = {isa = PBXFileReference; lastKnownFileType = folder.assetcatalog; path = Assets.xcassets; sourceTree = "<group>"; };
		42875E2C284923F300B63305 /* Base */ = {isa = PBXFileReference; lastKnownFileType = file.storyboard; name = Base; path = Base.lproj/LaunchScreen.storyboard; sourceTree = "<group>"; };
		42875E2E284923F300B63305 /* Info.plist */ = {isa = PBXFileReference; lastKnownFileType = text.plist.xml; path = Info.plist; sourceTree = "<group>"; };
		42875E352849243300B63305 /* HomeViewController.swift */ = {isa = PBXFileReference; lastKnownFileType = sourcecode.swift; path = HomeViewController.swift; sourceTree = "<group>"; };
		42875E372849244900B63305 /* EventoTableViewCell.swift */ = {isa = PBXFileReference; lastKnownFileType = sourcecode.swift; path = EventoTableViewCell.swift; sourceTree = "<group>"; };
		42875E392849245700B63305 /* InfoViewController.swift */ = {isa = PBXFileReference; lastKnownFileType = sourcecode.swift; path = InfoViewController.swift; sourceTree = "<group>"; };
		42875E3B2849246B00B63305 /* FavoritosViewController.swift */ = {isa = PBXFileReference; lastKnownFileType = sourcecode.swift; path = FavoritosViewController.swift; sourceTree = "<group>"; };
		42875E3D2849247600B63305 /* LoginViewController.swift */ = {isa = PBXFileReference; lastKnownFileType = sourcecode.swift; path = LoginViewController.swift; sourceTree = "<group>"; };
		42875E3F2849248400B63305 /* CadastroViewController.swift */ = {isa = PBXFileReference; lastKnownFileType = sourcecode.swift; path = CadastroViewController.swift; sourceTree = "<group>"; };
		42875E41284924B600B63305 /* FavoritosTableViewCell.swift */ = {isa = PBXFileReference; lastKnownFileType = sourcecode.swift; path = FavoritosTableViewCell.swift; sourceTree = "<group>"; };
		42875E442849254500B63305 /* EventoViewModel.swift */ = {isa = PBXFileReference; fileEncoding = 4; lastKnownFileType = sourcecode.swift; path = EventoViewModel.swift; sourceTree = "<group>"; };
		42875E472849256100B63305 /* Service.swift */ = {isa = PBXFileReference; fileEncoding = 4; lastKnownFileType = sourcecode.swift; path = Service.swift; sourceTree = "<group>"; };
		42875E4A2849257400B63305 /* Evento.swift */ = {isa = PBXFileReference; fileEncoding = 4; lastKnownFileType = sourcecode.swift; path = Evento.swift; sourceTree = "<group>"; };
		42875E4C2849284D00B63305 /* GoogleService-Info.plist */ = {isa = PBXFileReference; fileEncoding = 4; lastKnownFileType = text.plist.xml; path = "GoogleService-Info.plist"; sourceTree = "<group>"; };
		428DB657284E78F30050A190 /* CadastroViewModel.swift */ = {isa = PBXFileReference; lastKnownFileType = sourcecode.swift; path = CadastroViewModel.swift; sourceTree = "<group>"; };
		428DB659284E79E70050A190 /* PerfilViewModel.swift */ = {isa = PBXFileReference; lastKnownFileType = sourcecode.swift; path = PerfilViewModel.swift; sourceTree = "<group>"; };
		428DB65B284E85D10050A190 /* ComprasViewModel.swift */ = {isa = PBXFileReference; lastKnownFileType = sourcecode.swift; path = ComprasViewModel.swift; sourceTree = "<group>"; };
		428F4CCF284E40B4009CEDE2 /* InfoViewModel.swift */ = {isa = PBXFileReference; lastKnownFileType = sourcecode.swift; path = InfoViewModel.swift; sourceTree = "<group>"; };
		428F4CD1284E4D2A009CEDE2 /* EfetuarCompraViewModel.swift */ = {isa = PBXFileReference; lastKnownFileType = sourcecode.swift; path = EfetuarCompraViewModel.swift; sourceTree = "<group>"; };
		42C4A197284A94DF00A031B9 /* ComprasViewController.swift */ = {isa = PBXFileReference; lastKnownFileType = sourcecode.swift; path = ComprasViewController.swift; sourceTree = "<group>"; };
		42C4A199284A95D500A031B9 /* ComprasTableViewCell.swift */ = {isa = PBXFileReference; lastKnownFileType = sourcecode.swift; path = ComprasTableViewCell.swift; sourceTree = "<group>"; };
		42C4A19B284A98F300A031B9 /* EfetuarCompraViewController.swift */ = {isa = PBXFileReference; lastKnownFileType = sourcecode.swift; path = EfetuarCompraViewController.swift; sourceTree = "<group>"; };
		42F02733284955940080BCA7 /* PerfilViewController.swift */ = {isa = PBXFileReference; lastKnownFileType = sourcecode.swift; path = PerfilViewController.swift; sourceTree = "<group>"; };
		42F3B2C1284E637800EF520A /* FavoritosViewModel.swift */ = {isa = PBXFileReference; lastKnownFileType = sourcecode.swift; path = FavoritosViewModel.swift; sourceTree = "<group>"; };
		42F3B2C3284E6F6E00EF520A /* LoginViewModel.swift */ = {isa = PBXFileReference; lastKnownFileType = sourcecode.swift; path = LoginViewModel.swift; sourceTree = "<group>"; };
		B03C88D48FAE920804B3E6D5 /* Pods-mbIngressos.release.xcconfig */ = {isa = PBXFileReference; includeInIndex = 1; lastKnownFileType = text.xcconfig; name = "Pods-mbIngressos.release.xcconfig"; path = "Target Support Files/Pods-mbIngressos/Pods-mbIngressos.release.xcconfig"; sourceTree = "<group>"; };
		B99D240E90781CCD4A40E23E /* Pods_mbIngressos.framework */ = {isa = PBXFileReference; explicitFileType = wrapper.framework; includeInIndex = 0; path = Pods_mbIngressos.framework; sourceTree = BUILT_PRODUCTS_DIR; };
		ECB53162373E2984D6724047 /* Pods-mbIngressos.debug.xcconfig */ = {isa = PBXFileReference; includeInIndex = 1; lastKnownFileType = text.xcconfig; name = "Pods-mbIngressos.debug.xcconfig"; path = "Target Support Files/Pods-mbIngressos/Pods-mbIngressos.debug.xcconfig"; sourceTree = "<group>"; };
/* End PBXFileReference section */

/* Begin PBXFrameworksBuildPhase section */
		42875E1A284923F100B63305 /* Frameworks */ = {
			isa = PBXFrameworksBuildPhase;
			buildActionMask = 2147483647;
			files = (
				DB833C4409FDF1F6C0922663 /* Pods_mbIngressos.framework in Frameworks */,
			);
			runOnlyForDeploymentPostprocessing = 0;
		};
/* End PBXFrameworksBuildPhase section */

/* Begin PBXGroup section */
		2DEB8B84A9AEA3D9B7F6E8C1 /* Frameworks */ = {
			isa = PBXGroup;
			children = (
				B99D240E90781CCD4A40E23E /* Pods_mbIngressos.framework */,
			);
			name = Frameworks;
			sourceTree = "<group>";
		};
		42875E14284923F100B63305 = {
			isa = PBXGroup;
			children = (
				42875E1F284923F100B63305 /* mbIngressos */,
				42875E1E284923F100B63305 /* Products */,
				CEB565D0463E4E206B696324 /* Pods */,
				2DEB8B84A9AEA3D9B7F6E8C1 /* Frameworks */,
			);
			sourceTree = "<group>";
		};
		42875E1E284923F100B63305 /* Products */ = {
			isa = PBXGroup;
			children = (
				42875E1D284923F100B63305 /* mbIngressos.app */,
			);
			name = Products;
			sourceTree = "<group>";
		};
		42875E1F284923F100B63305 /* mbIngressos */ = {
			isa = PBXGroup;
			children = (
				42875E492849256D00B63305 /* Model */,
				42875E342849241700B63305 /* View */,
				42875E432849252F00B63305 /* ViewModel */,
				42875E462849255300B63305 /* Service */,
				42875E20284923F100B63305 /* AppDelegate.swift */,
				42875E22284923F100B63305 /* SceneDelegate.swift */,
				42875E29284923F300B63305 /* Assets.xcassets */,
				42875E4C2849284D00B63305 /* GoogleService-Info.plist */,
				42875E2E284923F300B63305 /* Info.plist */,
			);
			path = mbIngressos;
			sourceTree = "<group>";
		};
		42875E342849241700B63305 /* View */ = {
			isa = PBXGroup;
			children = (
				42875E26284923F100B63305 /* Main.storyboard */,
				42875E2B284923F300B63305 /* LaunchScreen.storyboard */,
				428DB663284E924F0050A190 /* Login */,
				428DB665284E92A40050A190 /* Efetuar Compra */,
				428DB662284E92460050A190 /* Cadastro */,
				428DB661284E923D0050A190 /* Favoritos */,
				428DB660284E922E0050A190 /* Perfil */,
				428DB65F284E91EC0050A190 /* Info View */,
				428DB65E284E91A10050A190 /* Compras */,
				428DB65D284E91920050A190 /* Home */,
			);
			path = View;
			sourceTree = "<group>";
		};
		42875E432849252F00B63305 /* ViewModel */ = {
			isa = PBXGroup;
			children = (
				42875E442849254500B63305 /* EventoViewModel.swift */,
				428F4CCF284E40B4009CEDE2 /* InfoViewModel.swift */,
				428F4CD1284E4D2A009CEDE2 /* EfetuarCompraViewModel.swift */,
				42F3B2C1284E637800EF520A /* FavoritosViewModel.swift */,
				42F3B2C3284E6F6E00EF520A /* LoginViewModel.swift */,
				428DB657284E78F30050A190 /* CadastroViewModel.swift */,
				428DB659284E79E70050A190 /* PerfilViewModel.swift */,
				428DB65B284E85D10050A190 /* ComprasViewModel.swift */,
			);
			path = ViewModel;
			sourceTree = "<group>";
		};
		42875E462849255300B63305 /* Service */ = {
			isa = PBXGroup;
			children = (
				42875E472849256100B63305 /* Service.swift */,
			);
			path = Service;
			sourceTree = "<group>";
		};
		42875E492849256D00B63305 /* Model */ = {
			isa = PBXGroup;
			children = (
				42875E4A2849257400B63305 /* Evento.swift */,
			);
			path = Model;
			sourceTree = "<group>";
		};
		428DB65D284E91920050A190 /* Home */ = {
			isa = PBXGroup;
			children = (
				42875E352849243300B63305 /* HomeViewController.swift */,
				42875E372849244900B63305 /* EventoTableViewCell.swift */,
			);
			path = Home;
			sourceTree = "<group>";
		};
		428DB65E284E91A10050A190 /* Compras */ = {
			isa = PBXGroup;
			children = (
				42C4A197284A94DF00A031B9 /* ComprasViewController.swift */,
				42C4A199284A95D500A031B9 /* ComprasTableViewCell.swift */,
			);
			path = Compras;
			sourceTree = "<group>";
		};
		428DB65F284E91EC0050A190 /* Info View */ = {
			isa = PBXGroup;
			children = (
				42875E392849245700B63305 /* InfoViewController.swift */,
			);
			path = "Info View";
			sourceTree = "<group>";
		};
		428DB660284E922E0050A190 /* Perfil */ = {
			isa = PBXGroup;
			children = (
				42F02733284955940080BCA7 /* PerfilViewController.swift */,
			);
			path = Perfil;
			sourceTree = "<group>";
		};
		428DB661284E923D0050A190 /* Favoritos */ = {
			isa = PBXGroup;
			children = (
				42875E3B2849246B00B63305 /* FavoritosViewController.swift */,
				42875E41284924B600B63305 /* FavoritosTableViewCell.swift */,
			);
			path = Favoritos;
			sourceTree = "<group>";
		};
		428DB662284E92460050A190 /* Cadastro */ = {
			isa = PBXGroup;
			children = (
				42875E3F2849248400B63305 /* CadastroViewController.swift */,
			);
			path = Cadastro;
			sourceTree = "<group>";
		};
		428DB663284E924F0050A190 /* Login */ = {
			isa = PBXGroup;
			children = (
				42875E3D2849247600B63305 /* LoginViewController.swift */,
			);
			path = Login;
			sourceTree = "<group>";
		};
		428DB665284E92A40050A190 /* Efetuar Compra */ = {
			isa = PBXGroup;
			children = (
				42C4A19B284A98F300A031B9 /* EfetuarCompraViewController.swift */,
			);
			path = "Efetuar Compra";
			sourceTree = "<group>";
		};
		CEB565D0463E4E206B696324 /* Pods */ = {
			isa = PBXGroup;
			children = (
				ECB53162373E2984D6724047 /* Pods-mbIngressos.debug.xcconfig */,
				B03C88D48FAE920804B3E6D5 /* Pods-mbIngressos.release.xcconfig */,
			);
			path = Pods;
			sourceTree = "<group>";
		};
/* End PBXGroup section */

/* Begin PBXNativeTarget section */
		42875E1C284923F100B63305 /* mbIngressos */ = {
			isa = PBXNativeTarget;
			buildConfigurationList = 42875E31284923F300B63305 /* Build configuration list for PBXNativeTarget "mbIngressos" */;
			buildPhases = (
				BCBA4D7BC532AD26F98C3881 /* [CP] Check Pods Manifest.lock */,
				42875E19284923F100B63305 /* Sources */,
				42875E1A284923F100B63305 /* Frameworks */,
				42875E1B284923F100B63305 /* Resources */,
				ED3A06187804E683BEDE6600 /* [CP] Embed Pods Frameworks */,
			);
			buildRules = (
			);
			dependencies = (
			);
			name = mbIngressos;
			productName = mbIngressos;
			productReference = 42875E1D284923F100B63305 /* mbIngressos.app */;
			productType = "com.apple.product-type.application";
		};
/* End PBXNativeTarget section */

/* Begin PBXProject section */
		42875E15284923F100B63305 /* Project object */ = {
			isa = PBXProject;
			attributes = {
				BuildIndependentTargetsInParallel = 1;
				LastSwiftUpdateCheck = 1340;
				LastUpgradeCheck = 1340;
				TargetAttributes = {
					42875E1C284923F100B63305 = {
						CreatedOnToolsVersion = 13.4;
					};
				};
			};
			buildConfigurationList = 42875E18284923F100B63305 /* Build configuration list for PBXProject "mbIngressos" */;
			compatibilityVersion = "Xcode 13.0";
			developmentRegion = en;
			hasScannedForEncodings = 0;
			knownRegions = (
				en,
				Base,
			);
			mainGroup = 42875E14284923F100B63305;
			productRefGroup = 42875E1E284923F100B63305 /* Products */;
			projectDirPath = "";
			projectRoot = "";
			targets = (
				42875E1C284923F100B63305 /* mbIngressos */,
			);
		};
/* End PBXProject section */

/* Begin PBXResourcesBuildPhase section */
		42875E1B284923F100B63305 /* Resources */ = {
			isa = PBXResourcesBuildPhase;
			buildActionMask = 2147483647;
			files = (
				42875E2D284923F300B63305 /* LaunchScreen.storyboard in Resources */,
				42875E4D2849284D00B63305 /* GoogleService-Info.plist in Resources */,
				42875E2A284923F300B63305 /* Assets.xcassets in Resources */,
				42875E28284923F100B63305 /* Main.storyboard in Resources */,
			);
			runOnlyForDeploymentPostprocessing = 0;
		};
/* End PBXResourcesBuildPhase section */

/* Begin PBXShellScriptBuildPhase section */
		BCBA4D7BC532AD26F98C3881 /* [CP] Check Pods Manifest.lock */ = {
			isa = PBXShellScriptBuildPhase;
			buildActionMask = 2147483647;
			files = (
			);
			inputFileListPaths = (
			);
			inputPaths = (
				"${PODS_PODFILE_DIR_PATH}/Podfile.lock",
				"${PODS_ROOT}/Manifest.lock",
			);
			name = "[CP] Check Pods Manifest.lock";
			outputFileListPaths = (
			);
			outputPaths = (
				"$(DERIVED_FILE_DIR)/Pods-mbIngressos-checkManifestLockResult.txt",
			);
			runOnlyForDeploymentPostprocessing = 0;
			shellPath = /bin/sh;
			shellScript = "diff \"${PODS_PODFILE_DIR_PATH}/Podfile.lock\" \"${PODS_ROOT}/Manifest.lock\" > /dev/null\nif [ $? != 0 ] ; then\n    # print error to STDERR\n    echo \"error: The sandbox is not in sync with the Podfile.lock. Run 'pod install' or update your CocoaPods installation.\" >&2\n    exit 1\nfi\n# This output is used by Xcode 'outputs' to avoid re-running this script phase.\necho \"SUCCESS\" > \"${SCRIPT_OUTPUT_FILE_0}\"\n";
			showEnvVarsInLog = 0;
		};
		ED3A06187804E683BEDE6600 /* [CP] Embed Pods Frameworks */ = {
			isa = PBXShellScriptBuildPhase;
			buildActionMask = 2147483647;
			files = (
			);
			inputFileListPaths = (
				"${PODS_ROOT}/Target Support Files/Pods-mbIngressos/Pods-mbIngressos-frameworks-${CONFIGURATION}-input-files.xcfilelist",
			);
			name = "[CP] Embed Pods Frameworks";
			outputFileListPaths = (
				"${PODS_ROOT}/Target Support Files/Pods-mbIngressos/Pods-mbIngressos-frameworks-${CONFIGURATION}-output-files.xcfilelist",
			);
			runOnlyForDeploymentPostprocessing = 0;
			shellPath = /bin/sh;
			shellScript = "\"${PODS_ROOT}/Target Support Files/Pods-mbIngressos/Pods-mbIngressos-frameworks.sh\"\n";
			showEnvVarsInLog = 0;
		};
/* End PBXShellScriptBuildPhase section */

/* Begin PBXSourcesBuildPhase section */
		42875E19284923F100B63305 /* Sources */ = {
			isa = PBXSourcesBuildPhase;
			buildActionMask = 2147483647;
			files = (
				42875E402849248400B63305 /* CadastroViewController.swift in Sources */,
				42875E3C2849246B00B63305 /* FavoritosViewController.swift in Sources */,
				42875E4B2849257400B63305 /* Evento.swift in Sources */,
				42875E42284924B600B63305 /* FavoritosTableViewCell.swift in Sources */,
				42875E21284923F100B63305 /* AppDelegate.swift in Sources */,
				42875E482849256100B63305 /* Service.swift in Sources */,
				42875E382849244900B63305 /* EventoTableViewCell.swift in Sources */,
				42875E3E2849247600B63305 /* LoginViewController.swift in Sources */,
				42C4A198284A94DF00A031B9 /* ComprasViewController.swift in Sources */,
				428DB65C284E85D10050A190 /* ComprasViewModel.swift in Sources */,
				42875E23284923F100B63305 /* SceneDelegate.swift in Sources */,
				42C4A19C284A98F300A031B9 /* EfetuarCompraViewController.swift in Sources */,
				42875E452849254500B63305 /* EventoViewModel.swift in Sources */,
				42875E3A2849245700B63305 /* InfoViewController.swift in Sources */,
				428F4CD0284E40B4009CEDE2 /* InfoViewModel.swift in Sources */,
				42C4A19A284A95D600A031B9 /* ComprasTableViewCell.swift in Sources */,
				42F3B2C2284E637800EF520A /* FavoritosViewModel.swift in Sources */,
				42F02734284955950080BCA7 /* PerfilViewController.swift in Sources */,
				428DB65A284E79E70050A190 /* PerfilViewModel.swift in Sources */,
				42875E362849243300B63305 /* HomeViewController.swift in Sources */,
				428F4CD2284E4D2A009CEDE2 /* EfetuarCompraViewModel.swift in Sources */,
				42F3B2C4284E6F6F00EF520A /* LoginViewModel.swift in Sources */,
				428DB658284E78F30050A190 /* CadastroViewModel.swift in Sources */,
			);
			runOnlyForDeploymentPostprocessing = 0;
		};
/* End PBXSourcesBuildPhase section */

/* Begin PBXVariantGroup section */
		42875E26284923F100B63305 /* Main.storyboard */ = {
			isa = PBXVariantGroup;
			children = (
				42875E27284923F100B63305 /* Base */,
			);
			name = Main.storyboard;
			sourceTree = "<group>";
		};
		42875E2B284923F300B63305 /* LaunchScreen.storyboard */ = {
			isa = PBXVariantGroup;
			children = (
				42875E2C284923F300B63305 /* Base */,
			);
			name = LaunchScreen.storyboard;
			sourceTree = "<group>";
		};
/* End PBXVariantGroup section */

/* Begin XCBuildConfiguration section */
		42875E2F284923F300B63305 /* Debug */ = {
			isa = XCBuildConfiguration;
			buildSettings = {
				ALWAYS_SEARCH_USER_PATHS = NO;
				CLANG_ANALYZER_NONNULL = YES;
				CLANG_ANALYZER_NUMBER_OBJECT_CONVERSION = YES_AGGRESSIVE;
				CLANG_CXX_LANGUAGE_STANDARD = "gnu++17";
				CLANG_ENABLE_MODULES = YES;
				CLANG_ENABLE_OBJC_ARC = YES;
				CLANG_ENABLE_OBJC_WEAK = YES;
				CLANG_WARN_BLOCK_CAPTURE_AUTORELEASING = YES;
				CLANG_WARN_BOOL_CONVERSION = YES;
				CLANG_WARN_COMMA = YES;
				CLANG_WARN_CONSTANT_CONVERSION = YES;
				CLANG_WARN_DEPRECATED_OBJC_IMPLEMENTATIONS = YES;
				CLANG_WARN_DIRECT_OBJC_ISA_USAGE = YES_ERROR;
				CLANG_WARN_DOCUMENTATION_COMMENTS = YES;
				CLANG_WARN_EMPTY_BODY = YES;
				CLANG_WARN_ENUM_CONVERSION = YES;
				CLANG_WARN_INFINITE_RECURSION = YES;
				CLANG_WARN_INT_CONVERSION = YES;
				CLANG_WARN_NON_LITERAL_NULL_CONVERSION = YES;
				CLANG_WARN_OBJC_IMPLICIT_RETAIN_SELF = YES;
				CLANG_WARN_OBJC_LITERAL_CONVERSION = YES;
				CLANG_WARN_OBJC_ROOT_CLASS = YES_ERROR;
				CLANG_WARN_QUOTED_INCLUDE_IN_FRAMEWORK_HEADER = YES;
				CLANG_WARN_RANGE_LOOP_ANALYSIS = YES;
				CLANG_WARN_STRICT_PROTOTYPES = YES;
				CLANG_WARN_SUSPICIOUS_MOVE = YES;
				CLANG_WARN_UNGUARDED_AVAILABILITY = YES_AGGRESSIVE;
				CLANG_WARN_UNREACHABLE_CODE = YES;
				CLANG_WARN__DUPLICATE_METHOD_MATCH = YES;
				COPY_PHASE_STRIP = NO;
				DEBUG_INFORMATION_FORMAT = dwarf;
				ENABLE_STRICT_OBJC_MSGSEND = YES;
				ENABLE_TESTABILITY = YES;
				GCC_C_LANGUAGE_STANDARD = gnu11;
				GCC_DYNAMIC_NO_PIC = NO;
				GCC_NO_COMMON_BLOCKS = YES;
				GCC_OPTIMIZATION_LEVEL = 0;
				GCC_PREPROCESSOR_DEFINITIONS = (
					"DEBUG=1",
					"$(inherited)",
				);
				GCC_WARN_64_TO_32_BIT_CONVERSION = YES;
				GCC_WARN_ABOUT_RETURN_TYPE = YES_ERROR;
				GCC_WARN_UNDECLARED_SELECTOR = YES;
				GCC_WARN_UNINITIALIZED_AUTOS = YES_AGGRESSIVE;
				GCC_WARN_UNUSED_FUNCTION = YES;
				GCC_WARN_UNUSED_VARIABLE = YES;
				IPHONEOS_DEPLOYMENT_TARGET = 15.5;
				MTL_ENABLE_DEBUG_INFO = INCLUDE_SOURCE;
				MTL_FAST_MATH = YES;
				ONLY_ACTIVE_ARCH = YES;
				SDKROOT = iphoneos;
				SWIFT_ACTIVE_COMPILATION_CONDITIONS = DEBUG;
				SWIFT_OPTIMIZATION_LEVEL = "-Onone";
			};
			name = Debug;
		};
		42875E30284923F300B63305 /* Release */ = {
			isa = XCBuildConfiguration;
			buildSettings = {
				ALWAYS_SEARCH_USER_PATHS = NO;
				CLANG_ANALYZER_NONNULL = YES;
				CLANG_ANALYZER_NUMBER_OBJECT_CONVERSION = YES_AGGRESSIVE;
				CLANG_CXX_LANGUAGE_STANDARD = "gnu++17";
				CLANG_ENABLE_MODULES = YES;
				CLANG_ENABLE_OBJC_ARC = YES;
				CLANG_ENABLE_OBJC_WEAK = YES;
				CLANG_WARN_BLOCK_CAPTURE_AUTORELEASING = YES;
				CLANG_WARN_BOOL_CONVERSION = YES;
				CLANG_WARN_COMMA = YES;
				CLANG_WARN_CONSTANT_CONVERSION = YES;
				CLANG_WARN_DEPRECATED_OBJC_IMPLEMENTATIONS = YES;
				CLANG_WARN_DIRECT_OBJC_ISA_USAGE = YES_ERROR;
				CLANG_WARN_DOCUMENTATION_COMMENTS = YES;
				CLANG_WARN_EMPTY_BODY = YES;
				CLANG_WARN_ENUM_CONVERSION = YES;
				CLANG_WARN_INFINITE_RECURSION = YES;
				CLANG_WARN_INT_CONVERSION = YES;
				CLANG_WARN_NON_LITERAL_NULL_CONVERSION = YES;
				CLANG_WARN_OBJC_IMPLICIT_RETAIN_SELF = YES;
				CLANG_WARN_OBJC_LITERAL_CONVERSION = YES;
				CLANG_WARN_OBJC_ROOT_CLASS = YES_ERROR;
				CLANG_WARN_QUOTED_INCLUDE_IN_FRAMEWORK_HEADER = YES;
				CLANG_WARN_RANGE_LOOP_ANALYSIS = YES;
				CLANG_WARN_STRICT_PROTOTYPES = YES;
				CLANG_WARN_SUSPICIOUS_MOVE = YES;
				CLANG_WARN_UNGUARDED_AVAILABILITY = YES_AGGRESSIVE;
				CLANG_WARN_UNREACHABLE_CODE = YES;
				CLANG_WARN__DUPLICATE_METHOD_MATCH = YES;
				COPY_PHASE_STRIP = NO;
				DEBUG_INFORMATION_FORMAT = "dwarf-with-dsym";
				ENABLE_NS_ASSERTIONS = NO;
				ENABLE_STRICT_OBJC_MSGSEND = YES;
				GCC_C_LANGUAGE_STANDARD = gnu11;
				GCC_NO_COMMON_BLOCKS = YES;
				GCC_WARN_64_TO_32_BIT_CONVERSION = YES;
				GCC_WARN_ABOUT_RETURN_TYPE = YES_ERROR;
				GCC_WARN_UNDECLARED_SELECTOR = YES;
				GCC_WARN_UNINITIALIZED_AUTOS = YES_AGGRESSIVE;
				GCC_WARN_UNUSED_FUNCTION = YES;
				GCC_WARN_UNUSED_VARIABLE = YES;
				IPHONEOS_DEPLOYMENT_TARGET = 15.5;
				MTL_ENABLE_DEBUG_INFO = NO;
				MTL_FAST_MATH = YES;
				SDKROOT = iphoneos;
				SWIFT_COMPILATION_MODE = wholemodule;
				SWIFT_OPTIMIZATION_LEVEL = "-O";
				VALIDATE_PRODUCT = YES;
			};
			name = Release;
		};
		42875E32284923F300B63305 /* Debug */ = {
			isa = XCBuildConfiguration;
			baseConfigurationReference = ECB53162373E2984D6724047 /* Pods-mbIngressos.debug.xcconfig */;
			buildSettings = {
				ASSETCATALOG_COMPILER_APPICON_NAME = AppIcon;
				ASSETCATALOG_COMPILER_GLOBAL_ACCENT_COLOR_NAME = AccentColor;
				CODE_SIGN_STYLE = Automatic;
				CURRENT_PROJECT_VERSION = 1;
				DEVELOPMENT_TEAM = CTDN3273R3;
				GENERATE_INFOPLIST_FILE = YES;
				INFOPLIST_FILE = mbIngressos/Info.plist;
				INFOPLIST_KEY_UIApplicationSupportsIndirectInputEvents = YES;
				INFOPLIST_KEY_UILaunchStoryboardName = LaunchScreen;
				INFOPLIST_KEY_UIMainStoryboardFile = Main;
				INFOPLIST_KEY_UISupportedInterfaceOrientations_iPad = "UIInterfaceOrientationPortrait UIInterfaceOrientationPortraitUpsideDown UIInterfaceOrientationLandscapeLeft UIInterfaceOrientationLandscapeRight";
				INFOPLIST_KEY_UISupportedInterfaceOrientations_iPhone = "UIInterfaceOrientationPortrait UIInterfaceOrientationLandscapeLeft UIInterfaceOrientationLandscapeRight";
				LD_RUNPATH_SEARCH_PATHS = (
					"$(inherited)",
					"@executable_path/Frameworks",
				);
				MARKETING_VERSION = 1.0;
				PRODUCT_BUNDLE_IDENTIFIER = vhenriquebm.mbIngressos;
				PRODUCT_NAME = "$(TARGET_NAME)";
				SWIFT_EMIT_LOC_STRINGS = YES;
				SWIFT_VERSION = 5.0;
				TARGETED_DEVICE_FAMILY = "1,2";
			};
			name = Debug;
		};
		42875E33284923F300B63305 /* Release */ = {
			isa = XCBuildConfiguration;
			baseConfigurationReference = B03C88D48FAE920804B3E6D5 /* Pods-mbIngressos.release.xcconfig */;
			buildSettings = {
				ASSETCATALOG_COMPILER_APPICON_NAME = AppIcon;
				ASSETCATALOG_COMPILER_GLOBAL_ACCENT_COLOR_NAME = AccentColor;
				CODE_SIGN_STYLE = Automatic;
				CURRENT_PROJECT_VERSION = 1;
				DEVELOPMENT_TEAM = CTDN3273R3;
				GENERATE_INFOPLIST_FILE = YES;
				INFOPLIST_FILE = mbIngressos/Info.plist;
				INFOPLIST_KEY_UIApplicationSupportsIndirectInputEvents = YES;
				INFOPLIST_KEY_UILaunchStoryboardName = LaunchScreen;
				INFOPLIST_KEY_UIMainStoryboardFile = Main;
				INFOPLIST_KEY_UISupportedInterfaceOrientations_iPad = "UIInterfaceOrientationPortrait UIInterfaceOrientationPortraitUpsideDown UIInterfaceOrientationLandscapeLeft UIInterfaceOrientationLandscapeRight";
				INFOPLIST_KEY_UISupportedInterfaceOrientations_iPhone = "UIInterfaceOrientationPortrait UIInterfaceOrientationLandscapeLeft UIInterfaceOrientationLandscapeRight";
				LD_RUNPATH_SEARCH_PATHS = (
					"$(inherited)",
					"@executable_path/Frameworks",
				);
				MARKETING_VERSION = 1.0;
				PRODUCT_BUNDLE_IDENTIFIER = vhenriquebm.mbIngressos;
				PRODUCT_NAME = "$(TARGET_NAME)";
				SWIFT_EMIT_LOC_STRINGS = YES;
				SWIFT_VERSION = 5.0;
				TARGETED_DEVICE_FAMILY = "1,2";
			};
			name = Release;
		};
/* End XCBuildConfiguration section */

/* Begin XCConfigurationList section */
		42875E18284923F100B63305 /* Build configuration list for PBXProject "mbIngressos" */ = {
			isa = XCConfigurationList;
			buildConfigurations = (
				42875E2F284923F300B63305 /* Debug */,
				42875E30284923F300B63305 /* Release */,
			);
			defaultConfigurationIsVisible = 0;
			defaultConfigurationName = Release;
		};
		42875E31284923F300B63305 /* Build configuration list for PBXNativeTarget "mbIngressos" */ = {
			isa = XCConfigurationList;
			buildConfigurations = (
				42875E32284923F300B63305 /* Debug */,
				42875E33284923F300B63305 /* Release */,
			);
			defaultConfigurationIsVisible = 0;
			defaultConfigurationName = Release;
		};
/* End XCConfigurationList section */
	};
	rootObject = 42875E15284923F100B63305 /* Project object */;
}
